
Microsoft Visual Studio Solution File, Format Version 12.00
# Visual Studio Version 16
VisualStudioVersion = 16.0.31624.102
MinimumVisualStudioVersion = 10.0.40219.1
Project("{9A19103F-16F7-4668-BE54-9A1E7A4F7556}") = "Test.Test", "Test.Test\Test.Test.csproj", "{89D334A3-E8D5-482F-8BD0-8CFE67F9218F}"
EndProject
Project("{9A19103F-16F7-4668-BE54-9A1E7A4F7556}") = "Calculator", "Calculator\Calculator.csproj", "{4A5BF996-8A60-4EBF-A8C6-86D39A40878A}"
EndProject
Project("{9A19103F-16F7-4668-BE54-9A1E7A4F7556}") = "TRXFileM", "TRXFileM\TRXFileM.csproj", "{8FDC6EA6-57A0-4899-9F50-FEF126804681}"
EndProject
Project("{FAE04EC0-301F-11D3-BF4B-00C04F79EFBC}") = "HtmlFileM", "HtmlFileM\HtmlFileM.csproj", "{90D80C70-4470-4950-9FB3-2952C4E61CCB}"
EndProject
Global
	GlobalSection(SolutionConfigurationPlatforms) = preSolution
		Debug|Any CPU = Debug|Any CPU
		Release|Any CPU = Release|Any CPU
	EndGlobalSection
	GlobalSection(ProjectConfigurationPlatforms) = postSolution
		{89D334A3-E8D5-482F-8BD0-8CFE67F9218F}.Debug|Any CPU.ActiveCfg = Debug|Any CPU
		{89D334A3-E8D5-482F-8BD0-8CFE67F9218F}.Debug|Any CPU.Build.0 = Debug|Any CPU
		{89D334A3-E8D5-482F-8BD0-8CFE67F9218F}.Release|Any CPU.ActiveCfg = Release|Any CPU
		{89D334A3-E8D5-482F-8BD0-8CFE67F9218F}.Release|Any CPU.Build.0 = Release|Any CPU
		{4A5BF996-8A60-4EBF-A8C6-86D39A40878A}.Debug|Any CPU.ActiveCfg = Debug|Any CPU
		{4A5BF996-8A60-4EBF-A8C6-86D39A40878A}.Debug|Any CPU.Build.0 = Debug|Any CPU
		{4A5BF996-8A60-4EBF-A8C6-86D39A40878A}.Release|Any CPU.ActiveCfg = Release|Any CPU
		{4A5BF996-8A60-4EBF-A8C6-86D39A40878A}.Release|Any CPU.Build.0 = Release|Any CPU
		{8FDC6EA6-57A0-4899-9F50-FEF126804681}.Debug|Any CPU.ActiveCfg = Debug|Any CPU
		{8FDC6EA6-57A0-4899-9F50-FEF126804681}.Debug|Any CPU.Build.0 = Debug|Any CPU
		{8FDC6EA6-57A0-4899-9F50-FEF126804681}.Release|Any CPU.ActiveCfg = Release|Any CPU
		{8FDC6EA6-57A0-4899-9F50-FEF126804681}.Release|Any CPU.Build.0 = Release|Any CPU
		{90D80C70-4470-4950-9FB3-2952C4E61CCB}.Debug|Any CPU.ActiveCfg = Debug|Any CPU
		{90D80C70-4470-4950-9FB3-2952C4E61CCB}.Debug|Any CPU.Build.0 = Debug|Any CPU
		{90D80C70-4470-4950-9FB3-2952C4E61CCB}.Release|Any CPU.ActiveCfg = Release|Any CPU
		{90D80C70-4470-4950-9FB3-2952C4E61CCB}.Release|Any CPU.Build.0 = Release|Any CPU
	EndGlobalSection
	GlobalSection(SolutionProperties) = preSolution
		HideSolutionNode = FALSE
	EndGlobalSection
	GlobalSection(ExtensibilityGlobals) = postSolution
		SolutionGuid = {E6BDA65A-2E72-4A46-A58B-95925CC3A3CF}
	EndGlobalSection
EndGlobal
